
Microsoft Visual Studio Solution File, Format Version 12.00
# Visual Studio Version 17
VisualStudioVersion = 17.3.32825.248
MinimumVisualStudioVersion = 10.0.40219.1
Project("{FAE04EC0-301F-11D3-BF4B-00C04F79EFBC}") = "PlumbingSupply", "PlumbingSupply.csproj", "{34FA0E7D-A484-41A9-BE25-79D52014CB1D}"
EndProject
Global
	GlobalSection(SolutionConfigurationPlatforms) = preSolution
		Debug|Any CPU = Debug|Any CPU
		Release|Any CPU = Release|Any CPU
	EndGlobalSection
	GlobalSection(ProjectConfigurationPlatforms) = postSolution
		{34FA0E7D-A484-41A9-BE25-79D52014CB1D}.Debug|Any CPU.ActiveCfg = Debug|Any CPU
		{34FA0E7D-A484-41A9-BE25-79D52014CB1D}.Debug|Any CPU.Build.0 = Debug|Any CPU
		{34FA0E7D-A484-41A9-BE25-79D52014CB1D}.Release|Any CPU.ActiveCfg = Release|Any CPU
		{34FA0E7D-A484-41A9-BE25-79D52014CB1D}.Release|Any CPU.Build.0 = Release|Any CPU
	EndGlobalSection
	GlobalSection(SolutionProperties) = preSolution
		HideSolutionNode = FALSE
	EndGlobalSection
	GlobalSection(ExtensibilityGlobals) = postSolution
		SolutionGuid = {35209E71-9B08-44C6-A1CA-4835E8A4BFE9}
	EndGlobalSection
EndGlobal
